
Microsoft Visual Studio Solution File, Format Version 12.00
# Visual Studio 15
VisualStudioVersion = 15.0.28307.421
MinimumVisualStudioVersion = 10.0.40219.1
Project("{FAE04EC0-301F-11D3-BF4B-00C04F79EFBC}") = "Form1", "Form1\Form1.csproj", "{1D23865C-7112-4890-AE27-AECC6CF83FCA}"
EndProject
Global
	GlobalSection(SolutionConfigurationPlatforms) = preSolution
		Debug|Any CPU = Debug|Any CPU
		Release|Any CPU = Release|Any CPU
	EndGlobalSection
	GlobalSection(ProjectConfigurationPlatforms) = postSolution
		{1D23865C-7112-4890-AE27-AECC6CF83FCA}.Debug|Any CPU.ActiveCfg = Debug|Any CPU
		{1D23865C-7112-4890-AE27-AECC6CF83FCA}.Debug|Any CPU.Build.0 = Debug|Any CPU
		{1D23865C-7112-4890-AE27-AECC6CF83FCA}.Release|Any CPU.ActiveCfg = Release|Any CPU
		{1D23865C-7112-4890-AE27-AECC6CF83FCA}.Release|Any CPU.Build.0 = Release|Any CPU
	EndGlobalSection
	GlobalSection(SolutionProperties) = preSolution
		HideSolutionNode = FALSE
	EndGlobalSection
	GlobalSection(ExtensibilityGlobals) = postSolution
		SolutionGuid = {EFF99A4B-48ED-49BA-9378-07726C99C4E1}
	EndGlobalSection
EndGlobal
